
Microsoft Visual Studio Solution File, Format Version 12.00
Project("{FAE04EC0-301F-11D3-BF4B-00C04F79EFBC}") = "RobRequest", "RobRequest\RobRequest.csproj", "{B1339FE2-D0DE-4FE2-A5FD-F3234F6F45AD}"
EndProject
Project("{FAE04EC0-301F-11D3-BF4B-00C04F79EFBC}") = "RobRequest.Client", "RobRequest.Client\RobRequest.Client.csproj", "{A1B2C3D4-E5F6-7890-ABCD-EF1234567890}"
EndProject
Project("{FAE04EC0-301F-11D3-BF4B-00C04F79EFBC}") = "RobRequest.Shared", "RobRequest.Shared\RobRequest.Shared.csproj", "{78E0E74C-AFD8-46AD-88AF-BCE44E922A3C}"
EndProject
Global
	GlobalSection(SolutionConfigurationPlatforms) = preSolution
		Debug|Any CPU = Debug|Any CPU
		Debug|x64 = Debug|x64
		Debug|x86 = Debug|x86
		Release|Any CPU = Release|Any CPU
		Release|x64 = Release|x64
		Release|x86 = Release|x86
	EndGlobalSection
	GlobalSection(ProjectConfigurationPlatforms) = postSolution
		{B1339FE2-D0DE-4FE2-A5FD-F3234F6F45AD}.Debug|Any CPU.ActiveCfg = Debug|Any CPU
		{B1339FE2-D0DE-4FE2-A5FD-F3234F6F45AD}.Debug|Any CPU.Build.0 = Debug|Any CPU
		{B1339FE2-D0DE-4FE2-A5FD-F3234F6F45AD}.Debug|x64.ActiveCfg = Debug|Any CPU
		{B1339FE2-D0DE-4FE2-A5FD-F3234F6F45AD}.Debug|x64.Build.0 = Debug|Any CPU
		{B1339FE2-D0DE-4FE2-A5FD-F3234F6F45AD}.Debug|x86.ActiveCfg = Debug|Any CPU
		{B1339FE2-D0DE-4FE2-A5FD-F3234F6F45AD}.Debug|x86.Build.0 = Debug|Any CPU
		{B1339FE2-D0DE-4FE2-A5FD-F3234F6F45AD}.Release|Any CPU.ActiveCfg = Release|Any CPU
		{B1339FE2-D0DE-4FE2-A5FD-F3234F6F45AD}.Release|Any CPU.Build.0 = Release|Any CPU
		{B1339FE2-D0DE-4FE2-A5FD-F3234F6F45AD}.Release|x64.ActiveCfg = Release|Any CPU
		{B1339FE2-D0DE-4FE2-A5FD-F3234F6F45AD}.Release|x64.Build.0 = Release|Any CPU
		{B1339FE2-D0DE-4FE2-A5FD-F3234F6F45AD}.Release|x86.ActiveCfg = Release|Any CPU
		{B1339FE2-D0DE-4FE2-A5FD-F3234F6F45AD}.Release|x86.Build.0 = Release|Any CPU
		{A1B2C3D4-E5F6-7890-ABCD-EF1234567890}.Debug|Any CPU.ActiveCfg = Debug|Any CPU
		{A1B2C3D4-E5F6-7890-ABCD-EF1234567890}.Debug|Any CPU.Build.0 = Debug|Any CPU
		{A1B2C3D4-E5F6-7890-ABCD-EF1234567890}.Debug|x64.ActiveCfg = Debug|Any CPU
		{A1B2C3D4-E5F6-7890-ABCD-EF1234567890}.Debug|x64.Build.0 = Debug|Any CPU
		{A1B2C3D4-E5F6-7890-ABCD-EF1234567890}.Debug|x86.ActiveCfg = Debug|Any CPU
		{A1B2C3D4-E5F6-7890-ABCD-EF1234567890}.Debug|x86.Build.0 = Debug|Any CPU
		{A1B2C3D4-E5F6-7890-ABCD-EF1234567890}.Release|Any CPU.ActiveCfg = Release|Any CPU
		{A1B2C3D4-E5F6-7890-ABCD-EF1234567890}.Release|Any CPU.Build.0 = Release|Any CPU
		{A1B2C3D4-E5F6-7890-ABCD-EF1234567890}.Release|x64.ActiveCfg = Release|Any CPU
		{A1B2C3D4-E5F6-7890-ABCD-EF1234567890}.Release|x64.Build.0 = Release|Any CPU
		{A1B2C3D4-E5F6-7890-ABCD-EF1234567890}.Release|x86.ActiveCfg = Release|Any CPU
		{A1B2C3D4-E5F6-7890-ABCD-EF1234567890}.Release|x86.Build.0 = Release|Any CPU
		{78E0E74C-AFD8-46AD-88AF-BCE44E922A3C}.Debug|Any CPU.ActiveCfg = Debug|Any CPU
		{78E0E74C-AFD8-46AD-88AF-BCE44E922A3C}.Debug|Any CPU.Build.0 = Debug|Any CPU
		{78E0E74C-AFD8-46AD-88AF-BCE44E922A3C}.Debug|x64.ActiveCfg = Debug|Any CPU
		{78E0E74C-AFD8-46AD-88AF-BCE44E922A3C}.Debug|x64.Build.0 = Debug|Any CPU
		{78E0E74C-AFD8-46AD-88AF-BCE44E922A3C}.Debug|x86.ActiveCfg = Debug|Any CPU
		{78E0E74C-AFD8-46AD-88AF-BCE44E922A3C}.Debug|x86.Build.0 = Debug|Any CPU
		{78E0E74C-AFD8-46AD-88AF-BCE44E922A3C}.Release|Any CPU.ActiveCfg = Release|Any CPU
		{78E0E74C-AFD8-46AD-88AF-BCE44E922A3C}.Release|Any CPU.Build.0 = Release|Any CPU
		{78E0E74C-AFD8-46AD-88AF-BCE44E922A3C}.Release|x64.ActiveCfg = Release|Any CPU
		{78E0E74C-AFD8-46AD-88AF-BCE44E922A3C}.Release|x64.Build.0 = Release|Any CPU
		{78E0E74C-AFD8-46AD-88AF-BCE44E922A3C}.Release|x86.ActiveCfg = Release|Any CPU
		{78E0E74C-AFD8-46AD-88AF-BCE44E922A3C}.Release|x86.Build.0 = Release|Any CPU
	EndGlobalSection
	GlobalSection(SolutionProperties) = preSolution
		HideSolutionNode = FALSE
	EndGlobalSection
EndGlobal
